[[package]]
name = "appdirs"
version = "1.4.4"
description = "A small Python module for determining appropriate platform-specific dirs, e.g. a \"user data dir\"."
category = "main"
optional = false
python-versions = "*"

[[package]]
name = "diskcache"
version = "5.4.0"
description = "Disk Cache -- Disk and file backed persistent cache."
category = "main"
optional = false
python-versions = ">=3"

[[package]]
name = "pytimeparse"
version = "1.1.8"
description = "Time expression parser"
category = "main"
optional = false
python-versions = "*"

[[package]]
name = "trycast"
version = "1.0.0"
description = ""
category = "main"
optional = false
python-versions = ">=3.7.4,<4.0.0"

[metadata]
lock-version = "1.1"
python-versions = "~3.9"
content-hash = "ba9d288b7047ed5ce0172e8acc8eaed667e7ab32cd1e6065ebcb4063aa1aec80"

[metadata.files]
appdirs = [
    {file = "appdirs-1.4.4-py2.py3-none-any.whl", hash = "sha256:a841dacd6b99318a741b166adb07e19ee71a274450e68237b4650ca1055ab128"},
    {file = "appdirs-1.4.4.tar.gz", hash = "sha256:7d5d0167b2b1ba821647616af46a749d1c653740dd0d2415100fe26e27afdf41"},
]
diskcache = [
    {file = "diskcache-5.4.0-py3-none-any.whl", hash = "sha256:af3ec6d7f167bbef7b6c33d9ee22f86d3e8f2dd7131eb7c4703d8d91ccdc0cc4"},
    {file = "diskcache-5.4.0.tar.gz", hash = "sha256:8879eb8c9b4a2509a5e633d2008634fb2b0b35c2b36192d89655dbde02419644"},
]
pytimeparse = [
    {file = "pytimeparse-1.1.8-py2.py3-none-any.whl", hash = "sha256:04b7be6cc8bd9f5647a6325444926c3ac34ee6bc7e69da4367ba282f076036bd"},
    {file = "pytimeparse-1.1.8.tar.gz", hash = "sha256:e86136477be924d7e670646a98561957e8ca7308d44841e21f5ddea757556a0a"},
]
trycast = []
